
Microsoft Visual Studio Solution File, Format Version 12.00
# Visual Studio 15
VisualStudioVersion = 15.0.27428.2043
MinimumVisualStudioVersion = 10.0.40219.1
Project("{FAE04EC0-301F-11D3-BF4B-00C04F79EFBC}") = "Q.Domain", "Q.Domain\Q.Domain.csproj", "{CD866210-0DEC-47D4-BF58-7E2280217D77}"
EndProject
Project("{FAE04EC0-301F-11D3-BF4B-00C04F79EFBC}") = "Q.Infrastructure", "Q.Infrastructure\Q.Infrastructure.csproj", "{B2631906-6869-473E-BA64-72C989804CAC}"
EndProject
Project("{FAE04EC0-301F-11D3-BF4B-00C04F79EFBC}") = "Q.Service", "Q.Service\Q.Service.csproj", "{26348972-BF75-42BE-994B-5A4DFFC520F8}"
EndProject
Project("{FAE04EC0-301F-11D3-BF4B-00C04F79EFBC}") = "Q.Web", "Q.Web\Q.Web.csproj", "{9DA06021-FD32-4632-8997-D7352CD5C8EA}"
EndProject
Global
	GlobalSection(SolutionConfigurationPlatforms) = preSolution
		Debug|Any CPU = Debug|Any CPU
		Release|Any CPU = Release|Any CPU
	EndGlobalSection
	GlobalSection(ProjectConfigurationPlatforms) = postSolution
		{CD866210-0DEC-47D4-BF58-7E2280217D77}.Debug|Any CPU.ActiveCfg = Debug|Any CPU
		{CD866210-0DEC-47D4-BF58-7E2280217D77}.Debug|Any CPU.Build.0 = Debug|Any CPU
		{CD866210-0DEC-47D4-BF58-7E2280217D77}.Release|Any CPU.ActiveCfg = Release|Any CPU
		{CD866210-0DEC-47D4-BF58-7E2280217D77}.Release|Any CPU.Build.0 = Release|Any CPU
		{B2631906-6869-473E-BA64-72C989804CAC}.Debug|Any CPU.ActiveCfg = Debug|Any CPU
		{B2631906-6869-473E-BA64-72C989804CAC}.Debug|Any CPU.Build.0 = Debug|Any CPU
		{B2631906-6869-473E-BA64-72C989804CAC}.Release|Any CPU.ActiveCfg = Release|Any CPU
		{B2631906-6869-473E-BA64-72C989804CAC}.Release|Any CPU.Build.0 = Release|Any CPU
		{26348972-BF75-42BE-994B-5A4DFFC520F8}.Debug|Any CPU.ActiveCfg = Debug|Any CPU
		{26348972-BF75-42BE-994B-5A4DFFC520F8}.Debug|Any CPU.Build.0 = Debug|Any CPU
		{26348972-BF75-42BE-994B-5A4DFFC520F8}.Release|Any CPU.ActiveCfg = Release|Any CPU
		{26348972-BF75-42BE-994B-5A4DFFC520F8}.Release|Any CPU.Build.0 = Release|Any CPU
		{9DA06021-FD32-4632-8997-D7352CD5C8EA}.Debug|Any CPU.ActiveCfg = Debug|Any CPU
		{9DA06021-FD32-4632-8997-D7352CD5C8EA}.Debug|Any CPU.Build.0 = Debug|Any CPU
		{9DA06021-FD32-4632-8997-D7352CD5C8EA}.Release|Any CPU.ActiveCfg = Release|Any CPU
		{9DA06021-FD32-4632-8997-D7352CD5C8EA}.Release|Any CPU.Build.0 = Release|Any CPU
	EndGlobalSection
	GlobalSection(SolutionProperties) = preSolution
		HideSolutionNode = FALSE
	EndGlobalSection
	GlobalSection(ExtensibilityGlobals) = postSolution
		SolutionGuid = {E84CBDCF-9E21-4845-9982-5C3665A8D972}
	EndGlobalSection
EndGlobal
